# THIS IS AN AUTOGENERATED FILE. DO NOT EDIT THIS FILE DIRECTLY.
# yarn lockfile v1


csv-generate@^4.4.1:
  version "4.4.1"
  resolved "https://registry.yarnpkg.com/csv-generate/-/csv-generate-4.4.1.tgz#729781ace8d1b92f6bfb407d1ab9548728c55681"
  integrity sha512-O/einO0v4zPmXaOV+sYqGa02VkST4GP5GLpWBNHEouIU7pF3kpGf3D0kCCvX82ydIY4EKkOK+R8b1BYsRXravg==

csv-parse@5.5.6, csv-parse@^5.5.6:
  version "5.5.6"
  resolved "https://registry.yarnpkg.com/csv-parse/-/csv-parse-5.5.6.tgz#0d726d58a60416361358eec291a9f93abe0b6b1a"
  integrity sha512-uNpm30m/AGSkLxxy7d9yRXpJQFrZzVWLFBkS+6ngPcZkw/5k3L/jjFuj7tVnEpRn+QgmiXr21nDlhCiUK4ij2A==

csv-stringify@^6.5.0:
  version "6.5.0"
  resolved "https://registry.yarnpkg.com/csv-stringify/-/csv-stringify-6.5.0.tgz#7b1491893c917e018a97de9bf9604e23b88647c2"
  integrity sha512-edlXFVKcUx7r8Vx5zQucsuMg4wb/xT6qyz+Sr1vnLrdXqlLD1+UKyWNyZ9zn6mUW1ewmGxrpVwAcChGF0HQ/2Q==

csv@6.3.9:
  version "6.3.9"
  resolved "https://registry.yarnpkg.com/csv/-/csv-6.3.9.tgz#1812e4542aa4ca1e4a70cb5a5d16c1e425451f06"
  integrity sha512-eiN+Qu8NwSLxZYia6WzB8xlX/rAQ/8EgK5A4dIF7Bz96mzcr5dW1jlcNmjG0QWySWKfPdCerH3RQ96ZqqsE8cA==
  dependencies:
    csv-generate "^4.4.1"
    csv-parse "^5.5.6"
    csv-stringify "^6.5.0"
    stream-transform "^3.3.2"

stream-transform@^3.3.2:
  version "3.3.2"
  resolved "https://registry.yarnpkg.com/stream-transform/-/stream-transform-3.3.2.tgz#398c67b2f3b6ed5d04ceadde9e412bda8416c8ab"
  integrity sha512-v64PUnPy9Qw94NGuaEMo+9RHQe4jTBYf+NkTtqkCgeuiNo8NlL0LtLR7fkKWNVFtp3RhIm5Dlxkgm5uz7TDimQ==
